
Microsoft Visual Studio Solution File, Format Version 12.00
# Visual Studio Version 16
VisualStudioVersion = 16.0.29519.181
MinimumVisualStudioVersion = 10.0.40219.1
Project("{FAE04EC0-301F-11D3-BF4B-00C04F79EFBC}") = "Tablero", "Tablero\Tablero.csproj", "{DD35443F-872A-4D4A-B8D9-ECF590617743}"
EndProject
Project("{FAE04EC0-301F-11D3-BF4B-00C04F79EFBC}") = "Entidades", "Entidades\Entidades.csproj", "{F3BC6976-5AB8-4230-9386-401F769E5F05}"
EndProject
Project("{FAE04EC0-301F-11D3-BF4B-00C04F79EFBC}") = "CapaDatos", "CapaDatos\CapaDatos.csproj", "{AA1B5635-1C21-4420-AAB0-58596AA49B3B}"
EndProject
Project("{FAE04EC0-301F-11D3-BF4B-00C04F79EFBC}") = "CapaNegocio", "CapaNegocio\CapaNegocio.csproj", "{B6627FA9-D721-4EEE-B98C-C3848B84B2C9}"
EndProject
Global
	GlobalSection(SolutionConfigurationPlatforms) = preSolution
		Debug|Any CPU = Debug|Any CPU
		Release|Any CPU = Release|Any CPU
	EndGlobalSection
	GlobalSection(ProjectConfigurationPlatforms) = postSolution
		{DD35443F-872A-4D4A-B8D9-ECF590617743}.Debug|Any CPU.ActiveCfg = Debug|Any CPU
		{DD35443F-872A-4D4A-B8D9-ECF590617743}.Debug|Any CPU.Build.0 = Debug|Any CPU
		{DD35443F-872A-4D4A-B8D9-ECF590617743}.Release|Any CPU.ActiveCfg = Release|Any CPU
		{DD35443F-872A-4D4A-B8D9-ECF590617743}.Release|Any CPU.Build.0 = Release|Any CPU
		{F3BC6976-5AB8-4230-9386-401F769E5F05}.Debug|Any CPU.ActiveCfg = Debug|Any CPU
		{F3BC6976-5AB8-4230-9386-401F769E5F05}.Debug|Any CPU.Build.0 = Debug|Any CPU
		{F3BC6976-5AB8-4230-9386-401F769E5F05}.Release|Any CPU.ActiveCfg = Release|Any CPU
		{F3BC6976-5AB8-4230-9386-401F769E5F05}.Release|Any CPU.Build.0 = Release|Any CPU
		{AA1B5635-1C21-4420-AAB0-58596AA49B3B}.Debug|Any CPU.ActiveCfg = Debug|Any CPU
		{AA1B5635-1C21-4420-AAB0-58596AA49B3B}.Debug|Any CPU.Build.0 = Debug|Any CPU
		{AA1B5635-1C21-4420-AAB0-58596AA49B3B}.Release|Any CPU.ActiveCfg = Release|Any CPU
		{AA1B5635-1C21-4420-AAB0-58596AA49B3B}.Release|Any CPU.Build.0 = Release|Any CPU
		{B6627FA9-D721-4EEE-B98C-C3848B84B2C9}.Debug|Any CPU.ActiveCfg = Debug|Any CPU
		{B6627FA9-D721-4EEE-B98C-C3848B84B2C9}.Debug|Any CPU.Build.0 = Debug|Any CPU
		{B6627FA9-D721-4EEE-B98C-C3848B84B2C9}.Release|Any CPU.ActiveCfg = Release|Any CPU
		{B6627FA9-D721-4EEE-B98C-C3848B84B2C9}.Release|Any CPU.Build.0 = Release|Any CPU
	EndGlobalSection
	GlobalSection(SolutionProperties) = preSolution
		HideSolutionNode = FALSE
	EndGlobalSection
	GlobalSection(ExtensibilityGlobals) = postSolution
		SolutionGuid = {001A6B36-C18D-4B8E-8551-4B898CF57402}
	EndGlobalSection
EndGlobal
